{
  "name": "threedsecure-service",
  "version": "1.0.0",
  "lockfileVersion": 2,
  "requires": true,
  "packages": {
    "": {
      "name": "threedsecure-service",
      "version": "1.0.0",
      "license": "MIT",
      "dependencies": {
        "uglify-js": "^3.16.2"
      }
    },
    "node_modules/uglify-js": {
      "version": "3.16.2",
      "resolved": "https://registry.npmjs.org/uglify-js/-/uglify-js-3.16.2.tgz",
      "integrity": "sha512-AaQNokTNgExWrkEYA24BTNMSjyqEXPSfhqoS0AxmHkCJ4U+Dyy5AvbGV/sqxuxficEfGGoX3zWw9R7QpLFfEsg==",
      "bin": {
        "uglifyjs": "bin/uglifyjs"
      },
      "engines": {
        "node": ">=0.8.0"
      }
    }
  },
  "dependencies": {
    "uglify-js": {
      "version": "3.16.2",
      "resolved": "https://registry.npmjs.org/uglify-js/-/uglify-js-3.16.2.tgz",
      "integrity": "sha512-AaQNokTNgExWrkEYA24BTNMSjyqEXPSfhqoS0AxmHkCJ4U+Dyy5AvbGV/sqxuxficEfGGoX3zWw9R7QpLFfEsg=="
    }
  }
}
